
Microsoft Visual Studio Solution File, Format Version 12.00
# Visual Studio Version 17
VisualStudioVersion = 17.9.34902.65
MinimumVisualStudioVersion = 10.0.40219.1
Project("{FAE04EC0-301F-11D3-BF4B-00C04F79EFBC}") = "Web Spider", "Web Spider.csproj", "{121D27C1-90E0-43EC-8B17-70CB1D1B8971}"
EndProject
Global
	GlobalSection(SolutionConfigurationPlatforms) = preSolution
		Debug|Any CPU = Debug|Any CPU
		Release|Any CPU = Release|Any CPU
	EndGlobalSection
	GlobalSection(ProjectConfigurationPlatforms) = postSolution
		{121D27C1-90E0-43EC-8B17-70CB1D1B8971}.Debug|Any CPU.ActiveCfg = Debug|Any CPU
		{121D27C1-90E0-43EC-8B17-70CB1D1B8971}.Debug|Any CPU.Build.0 = Debug|Any CPU
		{121D27C1-90E0-43EC-8B17-70CB1D1B8971}.Release|Any CPU.ActiveCfg = Release|Any CPU
		{121D27C1-90E0-43EC-8B17-70CB1D1B8971}.Release|Any CPU.Build.0 = Release|Any CPU
	EndGlobalSection
	GlobalSection(SolutionProperties) = preSolution
		HideSolutionNode = FALSE
	EndGlobalSection
	GlobalSection(ExtensibilityGlobals) = postSolution
		SolutionGuid = {50546BCA-3CBB-4E46-B0AB-4405FE72DABE}
	EndGlobalSection
EndGlobal
